
Microsoft Visual Studio Solution File, Format Version 10.00
# Visual Studio 2008
Project("{FAE04EC0-301F-11D3-BF4B-00C04F79EFBC}") = "Build Service Tests", "Tests\Build Service Tests.csproj", "{F6004944-C4EA-46FA-A6C1-EB51AAFC6C00}"
EndProject
Project("{FAE04EC0-301F-11D3-BF4B-00C04F79EFBC}") = "Build Service", "HudsonWcfService\Build Service.csproj", "{41522CF2-EB1B-4719-840B-88388D187B5F}"
EndProject
Project("{FAE04EC0-301F-11D3-BF4B-00C04F79EFBC}") = "Missile Device", "Missile Device\Missile Device.csproj", "{499CBF64-9FD2-40F1-9898-0901202E4E31}"
EndProject
Project("{FAE04EC0-301F-11D3-BF4B-00C04F79EFBC}") = "Missile Service", "MissileLauncher.Service\Missile Service.csproj", "{B9E8462D-25A9-4673-A5E1-8AEDC4A78068}"
EndProject
Project("{2150E333-8FDC-42A3-9474-1A3956D46DE8}") = "HudsonWcfService", "HudsonWcfService", "{C4B09139-C58F-4426-8C26-C9ECED7E8B82}"
EndProject
Project("{2150E333-8FDC-42A3-9474-1A3956D46DE8}") = "MissileWcfService", "MissileWcfService", "{29AD2F56-31AC-40AC-8A6B-C06C7EC42F0A}"
EndProject
Project("{FAE04EC0-301F-11D3-BF4B-00C04F79EFBC}") = "Missile Launcher", "MissileLauncher\Missile Launcher.csproj", "{05930A91-7614-4F74-BEA6-AD33398C04D4}"
EndProject
Project("{FAE04EC0-301F-11D3-BF4B-00C04F79EFBC}") = "Service Factory", "Service Factory\Service Factory.csproj", "{C43F3DF6-9F39-4D47-98B1-3C0781C05F2D}"
EndProject
Project("{FAE04EC0-301F-11D3-BF4B-00C04F79EFBC}") = "Developer Punisher", "Developer Punisher\Developer Punisher.csproj", "{3B10C30B-4478-42B3-82BA-D62C4E3BB5E1}"
	ProjectSection(ProjectDependencies) = postProject
		{B9E8462D-25A9-4673-A5E1-8AEDC4A78068} = {B9E8462D-25A9-4673-A5E1-8AEDC4A78068}
		{41522CF2-EB1B-4719-840B-88388D187B5F} = {41522CF2-EB1B-4719-840B-88388D187B5F}
	EndProjectSection
EndProject
Project("{FAE04EC0-301F-11D3-BF4B-00C04F79EFBC}") = "Developer Punisher Tests", "Developer Punisher Tests\Developer Punisher Tests.csproj", "{5BB208E4-3AE8-4447-BBDE-F0268EB75255}"
EndProject
Project("{FAE04EC0-301F-11D3-BF4B-00C04F79EFBC}") = "Missile Launcher Interface", "Missile Launcher Interface\Missile Launcher Interface.csproj", "{F09C4A62-D3DC-4539-A7E1-7DBC24B1F010}"
EndProject
Project("{2150E333-8FDC-42A3-9474-1A3956D46DE8}") = "DeveloperPunisher", "DeveloperPunisher", "{8CCD4B47-5BD0-4863-B1F1-9CB43803B61C}"
EndProject
Project("{2150E333-8FDC-42A3-9474-1A3956D46DE8}") = "Services", "Services", "{7B9C8C25-09B9-4433-B251-70C3205A29B3}"
EndProject
Project("{2150E333-8FDC-42A3-9474-1A3956D46DE8}") = "Solution Items", "Solution Items", "{5AA579BB-6070-4C2E-9578-A951CB11BB02}"
	ProjectSection(SolutionItems) = preProject
		BuildWatcher.vsmdi = BuildWatcher.vsmdi
		readme = readme
		ScratchPad.txt = ScratchPad.txt
	EndProjectSection
EndProject
Project("{FAE04EC0-301F-11D3-BF4B-00C04F79EFBC}") = "Build Fetcher", "BuildFetcher\Build Fetcher.csproj", "{CF40A50D-2807-4FD5-A1F3-1DC3844DD1AF}"
EndProject
Project("{FAE04EC0-301F-11D3-BF4B-00C04F79EFBC}") = "Build Fetcher Tests", "BuildFetcherTests\Build Fetcher Tests.csproj", "{6F4AFA60-725B-46A7-97F7-3308B2B8B3FA}"
EndProject
Global
	GlobalSection(TestCaseManagementSettings) = postSolution
		CategoryFile = BuildWatcher.vsmdi
	EndGlobalSection
	GlobalSection(SolutionConfigurationPlatforms) = preSolution
		Debug|Any CPU = Debug|Any CPU
		Release|Any CPU = Release|Any CPU
	EndGlobalSection
	GlobalSection(ProjectConfigurationPlatforms) = postSolution
		{F6004944-C4EA-46FA-A6C1-EB51AAFC6C00}.Debug|Any CPU.ActiveCfg = Debug|Any CPU
		{F6004944-C4EA-46FA-A6C1-EB51AAFC6C00}.Debug|Any CPU.Build.0 = Debug|Any CPU
		{F6004944-C4EA-46FA-A6C1-EB51AAFC6C00}.Release|Any CPU.ActiveCfg = Release|Any CPU
		{F6004944-C4EA-46FA-A6C1-EB51AAFC6C00}.Release|Any CPU.Build.0 = Release|Any CPU
		{41522CF2-EB1B-4719-840B-88388D187B5F}.Debug|Any CPU.ActiveCfg = Debug|Any CPU
		{41522CF2-EB1B-4719-840B-88388D187B5F}.Debug|Any CPU.Build.0 = Debug|Any CPU
		{41522CF2-EB1B-4719-840B-88388D187B5F}.Release|Any CPU.ActiveCfg = Release|Any CPU
		{41522CF2-EB1B-4719-840B-88388D187B5F}.Release|Any CPU.Build.0 = Release|Any CPU
		{499CBF64-9FD2-40F1-9898-0901202E4E31}.Debug|Any CPU.ActiveCfg = Debug|Any CPU
		{499CBF64-9FD2-40F1-9898-0901202E4E31}.Debug|Any CPU.Build.0 = Debug|Any CPU
		{499CBF64-9FD2-40F1-9898-0901202E4E31}.Release|Any CPU.ActiveCfg = Release|Any CPU
		{499CBF64-9FD2-40F1-9898-0901202E4E31}.Release|Any CPU.Build.0 = Release|Any CPU
		{B9E8462D-25A9-4673-A5E1-8AEDC4A78068}.Debug|Any CPU.ActiveCfg = Debug|Any CPU
		{B9E8462D-25A9-4673-A5E1-8AEDC4A78068}.Debug|Any CPU.Build.0 = Debug|Any CPU
		{B9E8462D-25A9-4673-A5E1-8AEDC4A78068}.Release|Any CPU.ActiveCfg = Release|Any CPU
		{B9E8462D-25A9-4673-A5E1-8AEDC4A78068}.Release|Any CPU.Build.0 = Release|Any CPU
		{05930A91-7614-4F74-BEA6-AD33398C04D4}.Debug|Any CPU.ActiveCfg = Debug|Any CPU
		{05930A91-7614-4F74-BEA6-AD33398C04D4}.Debug|Any CPU.Build.0 = Debug|Any CPU
		{05930A91-7614-4F74-BEA6-AD33398C04D4}.Release|Any CPU.ActiveCfg = Release|Any CPU
		{05930A91-7614-4F74-BEA6-AD33398C04D4}.Release|Any CPU.Build.0 = Release|Any CPU
		{C43F3DF6-9F39-4D47-98B1-3C0781C05F2D}.Debug|Any CPU.ActiveCfg = Debug|Any CPU
		{C43F3DF6-9F39-4D47-98B1-3C0781C05F2D}.Debug|Any CPU.Build.0 = Debug|Any CPU
		{C43F3DF6-9F39-4D47-98B1-3C0781C05F2D}.Release|Any CPU.ActiveCfg = Release|Any CPU
		{C43F3DF6-9F39-4D47-98B1-3C0781C05F2D}.Release|Any CPU.Build.0 = Release|Any CPU
		{3B10C30B-4478-42B3-82BA-D62C4E3BB5E1}.Debug|Any CPU.ActiveCfg = Debug|Any CPU
		{3B10C30B-4478-42B3-82BA-D62C4E3BB5E1}.Debug|Any CPU.Build.0 = Debug|Any CPU
		{3B10C30B-4478-42B3-82BA-D62C4E3BB5E1}.Release|Any CPU.ActiveCfg = Release|Any CPU
		{3B10C30B-4478-42B3-82BA-D62C4E3BB5E1}.Release|Any CPU.Build.0 = Release|Any CPU
		{5BB208E4-3AE8-4447-BBDE-F0268EB75255}.Debug|Any CPU.ActiveCfg = Debug|Any CPU
		{5BB208E4-3AE8-4447-BBDE-F0268EB75255}.Debug|Any CPU.Build.0 = Debug|Any CPU
		{5BB208E4-3AE8-4447-BBDE-F0268EB75255}.Release|Any CPU.ActiveCfg = Release|Any CPU
		{5BB208E4-3AE8-4447-BBDE-F0268EB75255}.Release|Any CPU.Build.0 = Release|Any CPU
		{F09C4A62-D3DC-4539-A7E1-7DBC24B1F010}.Debug|Any CPU.ActiveCfg = Debug|Any CPU
		{F09C4A62-D3DC-4539-A7E1-7DBC24B1F010}.Debug|Any CPU.Build.0 = Debug|Any CPU
		{F09C4A62-D3DC-4539-A7E1-7DBC24B1F010}.Release|Any CPU.ActiveCfg = Release|Any CPU
		{F09C4A62-D3DC-4539-A7E1-7DBC24B1F010}.Release|Any CPU.Build.0 = Release|Any CPU
		{CF40A50D-2807-4FD5-A1F3-1DC3844DD1AF}.Debug|Any CPU.ActiveCfg = Debug|Any CPU
		{CF40A50D-2807-4FD5-A1F3-1DC3844DD1AF}.Debug|Any CPU.Build.0 = Debug|Any CPU
		{CF40A50D-2807-4FD5-A1F3-1DC3844DD1AF}.Release|Any CPU.ActiveCfg = Release|Any CPU
		{CF40A50D-2807-4FD5-A1F3-1DC3844DD1AF}.Release|Any CPU.Build.0 = Release|Any CPU
		{6F4AFA60-725B-46A7-97F7-3308B2B8B3FA}.Debug|Any CPU.ActiveCfg = Debug|Any CPU
		{6F4AFA60-725B-46A7-97F7-3308B2B8B3FA}.Debug|Any CPU.Build.0 = Debug|Any CPU
		{6F4AFA60-725B-46A7-97F7-3308B2B8B3FA}.Release|Any CPU.ActiveCfg = Release|Any CPU
		{6F4AFA60-725B-46A7-97F7-3308B2B8B3FA}.Release|Any CPU.Build.0 = Release|Any CPU
	EndGlobalSection
	GlobalSection(SolutionProperties) = preSolution
		HideSolutionNode = FALSE
	EndGlobalSection
	GlobalSection(NestedProjects) = preSolution
		{C4B09139-C58F-4426-8C26-C9ECED7E8B82} = {7B9C8C25-09B9-4433-B251-70C3205A29B3}
		{29AD2F56-31AC-40AC-8A6B-C06C7EC42F0A} = {7B9C8C25-09B9-4433-B251-70C3205A29B3}
		{C43F3DF6-9F39-4D47-98B1-3C0781C05F2D} = {7B9C8C25-09B9-4433-B251-70C3205A29B3}
		{41522CF2-EB1B-4719-840B-88388D187B5F} = {C4B09139-C58F-4426-8C26-C9ECED7E8B82}
		{F6004944-C4EA-46FA-A6C1-EB51AAFC6C00} = {C4B09139-C58F-4426-8C26-C9ECED7E8B82}
		{CF40A50D-2807-4FD5-A1F3-1DC3844DD1AF} = {C4B09139-C58F-4426-8C26-C9ECED7E8B82}
		{6F4AFA60-725B-46A7-97F7-3308B2B8B3FA} = {C4B09139-C58F-4426-8C26-C9ECED7E8B82}
		{B9E8462D-25A9-4673-A5E1-8AEDC4A78068} = {29AD2F56-31AC-40AC-8A6B-C06C7EC42F0A}
		{499CBF64-9FD2-40F1-9898-0901202E4E31} = {29AD2F56-31AC-40AC-8A6B-C06C7EC42F0A}
		{05930A91-7614-4F74-BEA6-AD33398C04D4} = {29AD2F56-31AC-40AC-8A6B-C06C7EC42F0A}
		{F09C4A62-D3DC-4539-A7E1-7DBC24B1F010} = {29AD2F56-31AC-40AC-8A6B-C06C7EC42F0A}
		{5BB208E4-3AE8-4447-BBDE-F0268EB75255} = {8CCD4B47-5BD0-4863-B1F1-9CB43803B61C}
		{3B10C30B-4478-42B3-82BA-D62C4E3BB5E1} = {8CCD4B47-5BD0-4863-B1F1-9CB43803B61C}
	EndGlobalSection
EndGlobal
